{
  "name": "soltriviaUI",
  "lockfileVersion": 3,
  "requires": true,
  "packages": {
    "": {
      "dependencies": {
        "solana-trivia-protocol": "file:.."
      }
    },
    "..": {
      "name": "solana-trivia-protocol",
      "version": "0.0.0",
      "dependencies": {
        "@solana/wallet-adapter-base": "^0.9.23",
        "@solana/wallet-adapter-react": "^0.15.35",
        "@solana/wallet-adapter-react-ui": "^0.9.35",
        "@solana/wallet-adapter-wallets": "^0.19.32",
        "@solana/web3.js": "^1.95.8",
        "@supabase/supabase-js": "^2.47.10",
        "@tailwindcss/postcss": "^4.1.18",
        "@vitejs/plugin-react": "^5.0.0",
        "autoprefixer": "^10.4.24",
        "bs58": "^6.0.0",
        "express": "^4.22.1",
        "react": "^19.2.4",
        "react-dom": "^19.2.4",
        "terser": "^5.46.0",
        "typescript": "~5.8.2",
        "valtio": "^2.3.0",
        "vite": "^6.2.0"
      },
      "devDependencies": {
        "@types/node": "^22.14.0",
        "@types/react": "^19.2.10",
        "@types/react-dom": "^19.2.3"
      }
    },
    "node_modules/solana-trivia-protocol": {
      "resolved": "..",
      "link": true
    }
  }
}
